// !$*UTF8*$!
{
	archiveVersion = 1;
	classes = {
	};
	objectVersion = 77;
	objects = {

/* Begin PBXBuildFile section */
		566A85392D2F5F3B008EFFEF /* JWTDecode in Frameworks */ = {isa = PBXBuildFile; productRef = 566A85382D2F5F3B008EFFEF /* JWTDecode */; };
		56C1DE3C2D2DA31F000BE3A3 /* Auth0 in Frameworks */ = {isa = PBXBuildFile; productRef = 56C1DE3B2D2DA31F000BE3A3 /* Auth0 */; };
/* End PBXBuildFile section */

/* Begin PBXContainerItemProxy section */
		56D0FC8A2D236A5A005B296A /* PBXContainerItemProxy */ = {
			isa = PBXContainerItemProxy;
			containerPortal = 56D0FC712D236A59005B296A /* Project object */;
			proxyType = 1;
			remoteGlobalIDString = 56D0FC782D236A59005B296A;
			remoteInfo = Unimap;
		};
		56D0FC942D236A5A005B296A /* PBXContainerItemProxy */ = {
			isa = PBXContainerItemProxy;
			containerPortal = 56D0FC712D236A59005B296A /* Project object */;
			proxyType = 1;
			remoteGlobalIDString = 56D0FC782D236A59005B296A;
			remoteInfo = Unimap;
		};
/* End PBXContainerItemProxy section */

/* Begin PBXFileReference section */
		56D0FC792D236A59005B296A /* Unimap.app */ = {isa = PBXFileReference; explicitFileType = wrapper.application; includeInIndex = 0; path = Unimap.app; sourceTree = BUILT_PRODUCTS_DIR; };
		56D0FC892D236A5A005B296A /* UnimapTests.xctest */ = {isa = PBXFileReference; explicitFileType = wrapper.cfbundle; includeInIndex = 0; path = UnimapTests.xctest; sourceTree = BUILT_PRODUCTS_DIR; };
		56D0FC932D236A5A005B296A /* UnimapUITests.xctest */ = {isa = PBXFileReference; explicitFileType = wrapper.cfbundle; includeInIndex = 0; path = UnimapUITests.xctest; sourceTree = BUILT_PRODUCTS_DIR; };
/* End PBXFileReference section */

/* Begin PBXFileSystemSynchronizedBuildFileExceptionSet section */
		566A853E2D2F7FC5008EFFEF /* Exceptions for "Unimap" folder in "Unimap" target */ = {
			isa = PBXFileSystemSynchronizedBuildFileExceptionSet;
			membershipExceptions = (
				Configs/Info.plist,
			);
			target = 56D0FC782D236A59005B296A /* Unimap */;
		};
/* End PBXFileSystemSynchronizedBuildFileExceptionSet section */

/* Begin PBXFileSystemSynchronizedRootGroup section */
		56D0FC7B2D236A59005B296A /* Unimap */ = {
			isa = PBXFileSystemSynchronizedRootGroup;
			exceptions = (
				566A853E2D2F7FC5008EFFEF /* Exceptions for "Unimap" folder in "Unimap" target */,
			);
			path = Unimap;
			sourceTree = "<group>";
		};
		56D0FC8C2D236A5A005B296A /* UnimapTests */ = {
			isa = PBXFileSystemSynchronizedRootGroup;
			path = UnimapTests;
			sourceTree = "<group>";
		};
		56D0FC962D236A5A005B296A /* UnimapUITests */ = {
			isa = PBXFileSystemSynchronizedRootGroup;
			path = UnimapUITests;
			sourceTree = "<group>";
		};
/* End PBXFileSystemSynchronizedRootGroup section */

/* Begin PBXFrameworksBuildPhase section */
		56D0FC762D236A59005B296A /* Frameworks */ = {
			isa = PBXFrameworksBuildPhase;
			buildActionMask = 2147483647;
			files = (
				566A85392D2F5F3B008EFFEF /* JWTDecode in Frameworks */,
				56C1DE3C2D2DA31F000BE3A3 /* Auth0 in Frameworks */,
			);
			runOnlyForDeploymentPostprocessing = 0;
		};
		56D0FC862D236A5A005B296A /* Frameworks */ = {
			isa = PBXFrameworksBuildPhase;
			buildActionMask = 2147483647;
			files = (
			);
			runOnlyForDeploymentPostprocessing = 0;
		};
		56D0FC902D236A5A005B296A /* Frameworks */ = {
			isa = PBXFrameworksBuildPhase;
			buildActionMask = 2147483647;
			files = (
			);
			runOnlyForDeploymentPostprocessing = 0;
		};
/* End PBXFrameworksBuildPhase section */

/* Begin PBXGroup section */
		56D0FC702D236A59005B296A = {
			isa = PBXGroup;
			children = (
				56D0FC7B2D236A59005B296A /* Unimap */,
				56D0FC8C2D236A5A005B296A /* UnimapTests */,
				56D0FC962D236A5A005B296A /* UnimapUITests */,
				56D0FC7A2D236A59005B296A /* Products */,
			);
			sourceTree = "<group>";
		};
		56D0FC7A2D236A59005B296A /* Products */ = {
			isa = PBXGroup;
			children = (
				56D0FC792D236A59005B296A /* Unimap.app */,
				56D0FC892D236A5A005B296A /* UnimapTests.xctest */,
				56D0FC932D236A5A005B296A /* UnimapUITests.xctest */,
			);
			name = Products;
			sourceTree = "<group>";
		};
/* End PBXGroup section */

/* Begin PBXNativeTarget section */
		56D0FC782D236A59005B296A /* Unimap */ = {
			isa = PBXNativeTarget;
			buildConfigurationList = 56D0FC9D2D236A5A005B296A /* Build configuration list for PBXNativeTarget "Unimap" */;
			buildPhases = (
				56D0FC752D236A59005B296A /* Sources */,
				56D0FC762D236A59005B296A /* Frameworks */,
				56D0FC772D236A59005B296A /* Resources */,
			);
			buildRules = (
			);
			dependencies = (
			);
			fileSystemSynchronizedGroups = (
				56D0FC7B2D236A59005B296A /* Unimap */,
			);
			name = Unimap;
			packageProductDependencies = (
				56C1DE3B2D2DA31F000BE3A3 /* Auth0 */,
				566A85382D2F5F3B008EFFEF /* JWTDecode */,
			);
			productName = Unimap;
			productReference = 56D0FC792D236A59005B296A /* Unimap.app */;
			productType = "com.apple.product-type.application";
		};
		56D0FC882D236A5A005B296A /* UnimapTests */ = {
			isa = PBXNativeTarget;
			buildConfigurationList = 56D0FCA02D236A5A005B296A /* Build configuration list for PBXNativeTarget "UnimapTests" */;
			buildPhases = (
				56D0FC852D236A5A005B296A /* Sources */,
				56D0FC862D236A5A005B296A /* Frameworks */,
				56D0FC872D236A5A005B296A /* Resources */,
			);
			buildRules = (
			);
			dependencies = (
				56D0FC8B2D236A5A005B296A /* PBXTargetDependency */,
			);
			fileSystemSynchronizedGroups = (
				56D0FC8C2D236A5A005B296A /* UnimapTests */,
			);
			name = UnimapTests;
			packageProductDependencies = (
			);
			productName = UnimapTests;
			productReference = 56D0FC892D236A5A005B296A /* UnimapTests.xctest */;
			productType = "com.apple.product-type.bundle.unit-test";
		};
		56D0FC922D236A5A005B296A /* UnimapUITests */ = {
			isa = PBXNativeTarget;
			buildConfigurationList = 56D0FCA32D236A5A005B296A /* Build configuration list for PBXNativeTarget "UnimapUITests" */;
			buildPhases = (
				56D0FC8F2D236A5A005B296A /* Sources */,
				56D0FC902D236A5A005B296A /* Frameworks */,
				56D0FC912D236A5A005B296A /* Resources */,
			);
			buildRules = (
			);
			dependencies = (
				56D0FC952D236A5A005B296A /* PBXTargetDependency */,
			);
			fileSystemSynchronizedGroups = (
				56D0FC962D236A5A005B296A /* UnimapUITests */,
			);
			name = UnimapUITests;
			packageProductDependencies = (
			);
			productName = UnimapUITests;
			productReference = 56D0FC932D236A5A005B296A /* UnimapUITests.xctest */;
			productType = "com.apple.product-type.bundle.ui-testing";
		};
/* End PBXNativeTarget section */

/* Begin PBXProject section */
		56D0FC712D236A59005B296A /* Project object */ = {
			isa = PBXProject;
			attributes = {
				BuildIndependentTargetsInParallel = 1;
				LastSwiftUpdateCheck = 1620;
				LastUpgradeCheck = 1620;
				TargetAttributes = {
					56D0FC782D236A59005B296A = {
						CreatedOnToolsVersion = 16.2;
					};
					56D0FC882D236A5A005B296A = {
						CreatedOnToolsVersion = 16.2;
						TestTargetID = 56D0FC782D236A59005B296A;
					};
					56D0FC922D236A5A005B296A = {
						CreatedOnToolsVersion = 16.2;
						TestTargetID = 56D0FC782D236A59005B296A;
					};
				};
			};
			buildConfigurationList = 56D0FC742D236A59005B296A /* Build configuration list for PBXProject "Unimap" */;
			developmentRegion = en;
			hasScannedForEncodings = 0;
			knownRegions = (
				en,
				Base,
			);
			mainGroup = 56D0FC702D236A59005B296A;
			minimizedProjectReferenceProxies = 1;
			packageReferences = (
				56C1DE342D2D9D0A000BE3A3 /* XCRemoteSwiftPackageReference "Auth0" */,
				566A85372D2F5F3B008EFFEF /* XCRemoteSwiftPackageReference "JWTDecode" */,
			);
			preferredProjectObjectVersion = 77;
			productRefGroup = 56D0FC7A2D236A59005B296A /* Products */;
			projectDirPath = "";
			projectRoot = "";
			targets = (
				56D0FC782D236A59005B296A /* Unimap */,
				56D0FC882D236A5A005B296A /* UnimapTests */,
				56D0FC922D236A5A005B296A /* UnimapUITests */,
			);
		};
/* End PBXProject section */

/* Begin PBXResourcesBuildPhase section */
		56D0FC772D236A59005B296A /* Resources */ = {
			isa = PBXResourcesBuildPhase;
			buildActionMask = 2147483647;
			files = (
			);
			runOnlyForDeploymentPostprocessing = 0;
		};
		56D0FC872D236A5A005B296A /* Resources */ = {
			isa = PBXResourcesBuildPhase;
			buildActionMask = 2147483647;
			files = (
			);
			runOnlyForDeploymentPostprocessing = 0;
		};
		56D0FC912D236A5A005B296A /* Resources */ = {
			isa = PBXResourcesBuildPhase;
			buildActionMask = 2147483647;
			files = (
			);
			runOnlyForDeploymentPostprocessing = 0;
		};
/* End PBXResourcesBuildPhase section */

/* Begin PBXSourcesBuildPhase section */
		56D0FC752D236A59005B296A /* Sources */ = {
			isa = PBXSourcesBuildPhase;
			buildActionMask = 2147483647;
			files = (
			);
			runOnlyForDeploymentPostprocessing = 0;
		};
		56D0FC852D236A5A005B296A /* Sources */ = {
			isa = PBXSourcesBuildPhase;
			buildActionMask = 2147483647;
			files = (
			);
			runOnlyForDeploymentPostprocessing = 0;
		};
		56D0FC8F2D236A5A005B296A /* Sources */ = {
			isa = PBXSourcesBuildPhase;
			buildActionMask = 2147483647;
			files = (
			);
			runOnlyForDeploymentPostprocessing = 0;
		};
/* End PBXSourcesBuildPhase section */

/* Begin PBXTargetDependency section */
		56D0FC8B2D236A5A005B296A /* PBXTargetDependency */ = {
			isa = PBXTargetDependency;
			target = 56D0FC782D236A59005B296A /* Unimap */;
			targetProxy = 56D0FC8A2D236A5A005B296A /* PBXContainerItemProxy */;
		};
		56D0FC952D236A5A005B296A /* PBXTargetDependency */ = {
			isa = PBXTargetDependency;
			target = 56D0FC782D236A59005B296A /* Unimap */;
			targetProxy = 56D0FC942D236A5A005B296A /* PBXContainerItemProxy */;
		};
/* End PBXTargetDependency section */

/* Begin XCBuildConfiguration section */
		56D0FC9B2D236A5A005B296A /* Debug */ = {
			isa = XCBuildConfiguration;
			buildSettings = {
				ALWAYS_SEARCH_USER_PATHS = NO;
				ASSETCATALOG_COMPILER_GENERATE_SWIFT_ASSET_SYMBOL_EXTENSIONS = YES;
				CLANG_ANALYZER_NONNULL = YES;
				CLANG_ANALYZER_NUMBER_OBJECT_CONVERSION = YES_AGGRESSIVE;
				CLANG_CXX_LANGUAGE_STANDARD = "gnu++20";
				CLANG_ENABLE_MODULES = YES;
				CLANG_ENABLE_OBJC_ARC = YES;
				CLANG_ENABLE_OBJC_WEAK = YES;
				CLANG_WARN_BLOCK_CAPTURE_AUTORELEASING = YES;
				CLANG_WARN_BOOL_CONVERSION = YES;
				CLANG_WARN_COMMA = YES;
				CLANG_WARN_CONSTANT_CONVERSION = YES;
				CLANG_WARN_DEPRECATED_OBJC_IMPLEMENTATIONS = YES;
				CLANG_WARN_DIRECT_OBJC_ISA_USAGE = YES_ERROR;
				CLANG_WARN_DOCUMENTATION_COMMENTS = YES;
				CLANG_WARN_EMPTY_BODY = YES;
				CLANG_WARN_ENUM_CONVERSION = YES;
				CLANG_WARN_INFINITE_RECURSION = YES;
				CLANG_WARN_INT_CONVERSION = YES;
				CLANG_WARN_NON_LITERAL_NULL_CONVERSION = YES;
				CLANG_WARN_OBJC_IMPLICIT_RETAIN_SELF = YES;
				CLANG_WARN_OBJC_LITERAL_CONVERSION = YES;
				CLANG_WARN_OBJC_ROOT_CLASS = YES_ERROR;
				CLANG_WARN_QUOTED_INCLUDE_IN_FRAMEWORK_HEADER = YES;
				CLANG_WARN_RANGE_LOOP_ANALYSIS = YES;
				CLANG_WARN_STRICT_PROTOTYPES = YES;
				CLANG_WARN_SUSPICIOUS_MOVE = YES;
				CLANG_WARN_UNGUARDED_AVAILABILITY = YES_AGGRESSIVE;
				CLANG_WARN_UNREACHABLE_CODE = YES;
				CLANG_WARN__DUPLICATE_METHOD_MATCH = YES;
				COPY_PHASE_STRIP = NO;
				DEBUG_INFORMATION_FORMAT = dwarf;
				ENABLE_STRICT_OBJC_MSGSEND = YES;
				ENABLE_TESTABILITY = YES;
				ENABLE_USER_SCRIPT_SANDBOXING = YES;
				GCC_C_LANGUAGE_STANDARD = gnu17;
				GCC_DYNAMIC_NO_PIC = NO;
				GCC_NO_COMMON_BLOCKS = YES;
				GCC_OPTIMIZATION_LEVEL = 0;
				GCC_PREPROCESSOR_DEFINITIONS = (
					"DEBUG=1",
					"$(inherited)",
				);
				GCC_WARN_64_TO_32_BIT_CONVERSION = YES;
				GCC_WARN_ABOUT_RETURN_TYPE = YES_ERROR;
				GCC_WARN_UNDECLARED_SELECTOR = YES;
				GCC_WARN_UNINITIALIZED_AUTOS = YES_AGGRESSIVE;
				GCC_WARN_UNUSED_FUNCTION = YES;
				GCC_WARN_UNUSED_VARIABLE = YES;
				IPHONEOS_DEPLOYMENT_TARGET = 18.2;
				LOCALIZATION_PREFERS_STRING_CATALOGS = YES;
				MTL_ENABLE_DEBUG_INFO = INCLUDE_SOURCE;
				MTL_FAST_MATH = YES;
				ONLY_ACTIVE_ARCH = YES;
				SDKROOT = iphoneos;
				SWIFT_ACTIVE_COMPILATION_CONDITIONS = "DEBUG $(inherited)";
				SWIFT_OPTIMIZATION_LEVEL = "-Onone";
			};
			name = Debug;
		};
		56D0FC9C2D236A5A005B296A /* Release */ = {
			isa = XCBuildConfiguration;
			buildSettings = {
				ALWAYS_SEARCH_USER_PATHS = NO;
				ASSETCATALOG_COMPILER_GENERATE_SWIFT_ASSET_SYMBOL_EXTENSIONS = YES;
				CLANG_ANALYZER_NONNULL = YES;
				CLANG_ANALYZER_NUMBER_OBJECT_CONVERSION = YES_AGGRESSIVE;
				CLANG_CXX_LANGUAGE_STANDARD = "gnu++20";
				CLANG_ENABLE_MODULES = YES;
				CLANG_ENABLE_OBJC_ARC = YES;
				CLANG_ENABLE_OBJC_WEAK = YES;
				CLANG_WARN_BLOCK_CAPTURE_AUTORELEASING = YES;
				CLANG_WARN_BOOL_CONVERSION = YES;
				CLANG_WARN_COMMA = YES;
				CLANG_WARN_CONSTANT_CONVERSION = YES;
				CLANG_WARN_DEPRECATED_OBJC_IMPLEMENTATIONS = YES;
				CLANG_WARN_DIRECT_OBJC_ISA_USAGE = YES_ERROR;
				CLANG_WARN_DOCUMENTATION_COMMENTS = YES;
				CLANG_WARN_EMPTY_BODY = YES;
				CLANG_WARN_ENUM_CONVERSION = YES;
				CLANG_WARN_INFINITE_RECURSION = YES;
				CLANG_WARN_INT_CONVERSION = YES;
				CLANG_WARN_NON_LITERAL_NULL_CONVERSION = YES;
				CLANG_WARN_OBJC_IMPLICIT_RETAIN_SELF = YES;
				CLANG_WARN_OBJC_LITERAL_CONVERSION = YES;
				CLANG_WARN_OBJC_ROOT_CLASS = YES_ERROR;
				CLANG_WARN_QUOTED_INCLUDE_IN_FRAMEWORK_HEADER = YES;
				CLANG_WARN_RANGE_LOOP_ANALYSIS = YES;
				CLANG_WARN_STRICT_PROTOTYPES = YES;
				CLANG_WARN_SUSPICIOUS_MOVE = YES;
				CLANG_WARN_UNGUARDED_AVAILABILITY = YES_AGGRESSIVE;
				CLANG_WARN_UNREACHABLE_CODE = YES;
				CLANG_WARN__DUPLICATE_METHOD_MATCH = YES;
				COPY_PHASE_STRIP = NO;
				DEBUG_INFORMATION_FORMAT = "dwarf-with-dsym";
				ENABLE_NS_ASSERTIONS = NO;
				ENABLE_STRICT_OBJC_MSGSEND = YES;
				ENABLE_USER_SCRIPT_SANDBOXING = YES;
				GCC_C_LANGUAGE_STANDARD = gnu17;
				GCC_NO_COMMON_BLOCKS = YES;
				GCC_WARN_64_TO_32_BIT_CONVERSION = YES;
				GCC_WARN_ABOUT_RETURN_TYPE = YES_ERROR;
				GCC_WARN_UNDECLARED_SELECTOR = YES;
				GCC_WARN_UNINITIALIZED_AUTOS = YES_AGGRESSIVE;
				GCC_WARN_UNUSED_FUNCTION = YES;
				GCC_WARN_UNUSED_VARIABLE = YES;
				IPHONEOS_DEPLOYMENT_TARGET = 18.2;
				LOCALIZATION_PREFERS_STRING_CATALOGS = YES;
				MTL_ENABLE_DEBUG_INFO = NO;
				MTL_FAST_MATH = YES;
				SDKROOT = iphoneos;
				SWIFT_COMPILATION_MODE = wholemodule;
				VALIDATE_PRODUCT = YES;
			};
			name = Release;
		};
		56D0FC9E2D236A5A005B296A /* Debug */ = {
			isa = XCBuildConfiguration;
			buildSettings = {
				ASSETCATALOG_COMPILER_APPICON_NAME = AppIcon;
				ASSETCATALOG_COMPILER_GLOBAL_ACCENT_COLOR_NAME = AccentColor;
				CODE_SIGN_STYLE = Automatic;
				CURRENT_PROJECT_VERSION = 1;
				DEVELOPMENT_ASSET_PATHS = "\"Unimap/Preview Content\"";
				ENABLE_PREVIEWS = YES;
				GENERATE_INFOPLIST_FILE = YES;
				INFOPLIST_FILE = Unimap/Configs/Info.plist;
				INFOPLIST_KEY_UIApplicationSceneManifest_Generation = YES;
				INFOPLIST_KEY_UIApplicationSupportsIndirectInputEvents = YES;
				INFOPLIST_KEY_UILaunchScreen_Generation = YES;
				INFOPLIST_KEY_UISupportedInterfaceOrientations_iPad = "UIInterfaceOrientationPortrait UIInterfaceOrientationPortraitUpsideDown UIInterfaceOrientationLandscapeLeft UIInterfaceOrientationLandscapeRight";
				INFOPLIST_KEY_UISupportedInterfaceOrientations_iPhone = "UIInterfaceOrientationPortrait UIInterfaceOrientationLandscapeLeft UIInterfaceOrientationLandscapeRight";
				LD_RUNPATH_SEARCH_PATHS = (
					"$(inherited)",
					"@executable_path/Frameworks",
				);
				MARKETING_VERSION = 1.0;
				PRODUCT_BUNDLE_IDENTIFIER = com.Unimap;
				PRODUCT_NAME = "$(TARGET_NAME)";
				SWIFT_EMIT_LOC_STRINGS = YES;
				SWIFT_VERSION = 5.0;
				TARGETED_DEVICE_FAMILY = "1,2";
			};
			name = Debug;
		};
		56D0FC9F2D236A5A005B296A /* Release */ = {
			isa = XCBuildConfiguration;
			buildSettings = {
				ASSETCATALOG_COMPILER_APPICON_NAME = AppIcon;
				ASSETCATALOG_COMPILER_GLOBAL_ACCENT_COLOR_NAME = AccentColor;
				CODE_SIGN_STYLE = Automatic;
				CURRENT_PROJECT_VERSION = 1;
				DEVELOPMENT_ASSET_PATHS = "\"Unimap/Preview Content\"";
				ENABLE_PREVIEWS = YES;
				GENERATE_INFOPLIST_FILE = YES;
				INFOPLIST_FILE = Unimap/Configs/Info.plist;
				INFOPLIST_KEY_UIApplicationSceneManifest_Generation = YES;
				INFOPLIST_KEY_UIApplicationSupportsIndirectInputEvents = YES;
				INFOPLIST_KEY_UILaunchScreen_Generation = YES;
				INFOPLIST_KEY_UISupportedInterfaceOrientations_iPad = "UIInterfaceOrientationPortrait UIInterfaceOrientationPortraitUpsideDown UIInterfaceOrientationLandscapeLeft UIInterfaceOrientationLandscapeRight";
				INFOPLIST_KEY_UISupportedInterfaceOrientations_iPhone = "UIInterfaceOrientationPortrait UIInterfaceOrientationLandscapeLeft UIInterfaceOrientationLandscapeRight";
				LD_RUNPATH_SEARCH_PATHS = (
					"$(inherited)",
					"@executable_path/Frameworks",
				);
				MARKETING_VERSION = 1.0;
				PRODUCT_BUNDLE_IDENTIFIER = com.Unimap;
				PRODUCT_NAME = "$(TARGET_NAME)";
				SWIFT_EMIT_LOC_STRINGS = YES;
				SWIFT_VERSION = 5.0;
				TARGETED_DEVICE_FAMILY = "1,2";
			};
			name = Release;
		};
		56D0FCA12D236A5A005B296A /* Debug */ = {
			isa = XCBuildConfiguration;
			buildSettings = {
				BUNDLE_LOADER = "$(TEST_HOST)";
				CODE_SIGN_STYLE = Automatic;
				CURRENT_PROJECT_VERSION = 1;
				GENERATE_INFOPLIST_FILE = YES;
				IPHONEOS_DEPLOYMENT_TARGET = 18.2;
				MARKETING_VERSION = 1.0;
				PRODUCT_BUNDLE_IDENTIFIER = com.UnimapTests;
				PRODUCT_NAME = "$(TARGET_NAME)";
				SWIFT_EMIT_LOC_STRINGS = NO;
				SWIFT_VERSION = 5.0;
				TARGETED_DEVICE_FAMILY = "1,2";
				TEST_HOST = "$(BUILT_PRODUCTS_DIR)/Unimap.app/$(BUNDLE_EXECUTABLE_FOLDER_PATH)/Unimap";
			};
			name = Debug;
		};
		56D0FCA22D236A5A005B296A /* Release */ = {
			isa = XCBuildConfiguration;
			buildSettings = {
				BUNDLE_LOADER = "$(TEST_HOST)";
				CODE_SIGN_STYLE = Automatic;
				CURRENT_PROJECT_VERSION = 1;
				GENERATE_INFOPLIST_FILE = YES;
				IPHONEOS_DEPLOYMENT_TARGET = 18.2;
				MARKETING_VERSION = 1.0;
				PRODUCT_BUNDLE_IDENTIFIER = com.UnimapTests;
				PRODUCT_NAME = "$(TARGET_NAME)";
				SWIFT_EMIT_LOC_STRINGS = NO;
				SWIFT_VERSION = 5.0;
				TARGETED_DEVICE_FAMILY = "1,2";
				TEST_HOST = "$(BUILT_PRODUCTS_DIR)/Unimap.app/$(BUNDLE_EXECUTABLE_FOLDER_PATH)/Unimap";
			};
			name = Release;
		};
		56D0FCA42D236A5A005B296A /* Debug */ = {
			isa = XCBuildConfiguration;
			buildSettings = {
				CODE_SIGN_STYLE = Automatic;
				CURRENT_PROJECT_VERSION = 1;
				GENERATE_INFOPLIST_FILE = YES;
				MARKETING_VERSION = 1.0;
				PRODUCT_BUNDLE_IDENTIFIER = com.UnimapUITests;
				PRODUCT_NAME = "$(TARGET_NAME)";
				SWIFT_EMIT_LOC_STRINGS = NO;
				SWIFT_VERSION = 5.0;
				TARGETED_DEVICE_FAMILY = "1,2";
				TEST_TARGET_NAME = Unimap;
			};
			name = Debug;
		};
		56D0FCA52D236A5A005B296A /* Release */ = {
			isa = XCBuildConfiguration;
			buildSettings = {
				CODE_SIGN_STYLE = Automatic;
				CURRENT_PROJECT_VERSION = 1;
				GENERATE_INFOPLIST_FILE = YES;
				MARKETING_VERSION = 1.0;
				PRODUCT_BUNDLE_IDENTIFIER = com.UnimapUITests;
				PRODUCT_NAME = "$(TARGET_NAME)";
				SWIFT_EMIT_LOC_STRINGS = NO;
				SWIFT_VERSION = 5.0;
				TARGETED_DEVICE_FAMILY = "1,2";
				TEST_TARGET_NAME = Unimap;
			};
			name = Release;
		};
/* End XCBuildConfiguration section */

/* Begin XCConfigurationList section */
		56D0FC742D236A59005B296A /* Build configuration list for PBXProject "Unimap" */ = {
			isa = XCConfigurationList;
			buildConfigurations = (
				56D0FC9B2D236A5A005B296A /* Debug */,
				56D0FC9C2D236A5A005B296A /* Release */,
			);
			defaultConfigurationIsVisible = 0;
			defaultConfigurationName = Release;
		};
		56D0FC9D2D236A5A005B296A /* Build configuration list for PBXNativeTarget "Unimap" */ = {
			isa = XCConfigurationList;
			buildConfigurations = (
				56D0FC9E2D236A5A005B296A /* Debug */,
				56D0FC9F2D236A5A005B296A /* Release */,
			);
			defaultConfigurationIsVisible = 0;
			defaultConfigurationName = Release;
		};
		56D0FCA02D236A5A005B296A /* Build configuration list for PBXNativeTarget "UnimapTests" */ = {
			isa = XCConfigurationList;
			buildConfigurations = (
				56D0FCA12D236A5A005B296A /* Debug */,
				56D0FCA22D236A5A005B296A /* Release */,
			);
			defaultConfigurationIsVisible = 0;
			defaultConfigurationName = Release;
		};
		56D0FCA32D236A5A005B296A /* Build configuration list for PBXNativeTarget "UnimapUITests" */ = {
			isa = XCConfigurationList;
			buildConfigurations = (
				56D0FCA42D236A5A005B296A /* Debug */,
				56D0FCA52D236A5A005B296A /* Release */,
			);
			defaultConfigurationIsVisible = 0;
			defaultConfigurationName = Release;
		};
/* End XCConfigurationList section */

/* Begin XCRemoteSwiftPackageReference section */
		566A85372D2F5F3B008EFFEF /* XCRemoteSwiftPackageReference "JWTDecode" */ = {
			isa = XCRemoteSwiftPackageReference;
			repositoryURL = "https://github.com/auth0/JWTDecode.swift";
			requirement = {
				kind = upToNextMajorVersion;
				minimumVersion = 3.2.0;
			};
		};
		56C1DE342D2D9D0A000BE3A3 /* XCRemoteSwiftPackageReference "Auth0" */ = {
			isa = XCRemoteSwiftPackageReference;
			repositoryURL = "https://github.com/auth0/Auth0.swift";
			requirement = {
				kind = upToNextMajorVersion;
				minimumVersion = 2.10.0;
			};
		};
/* End XCRemoteSwiftPackageReference section */

/* Begin XCSwiftPackageProductDependency section */
		566A85382D2F5F3B008EFFEF /* JWTDecode */ = {
			isa = XCSwiftPackageProductDependency;
			package = 566A85372D2F5F3B008EFFEF /* XCRemoteSwiftPackageReference "JWTDecode" */;
			productName = JWTDecode;
		};
		56C1DE3B2D2DA31F000BE3A3 /* Auth0 */ = {
			isa = XCSwiftPackageProductDependency;
			package = 56C1DE342D2D9D0A000BE3A3 /* XCRemoteSwiftPackageReference "Auth0" */;
			productName = Auth0;
		};
/* End XCSwiftPackageProductDependency section */
	};
	rootObject = 56D0FC712D236A59005B296A /* Project object */;
}
